
Microsoft Visual Studio Solution File, Format Version 12.00
# Visual Studio Version 17
VisualStudioVersion = 17.14.36603.0
MinimumVisualStudioVersion = 10.0.40219.1
Project("{FAE04EC0-301F-11D3-BF4B-00C04F79EFBC}") = "Huntly.Domain", "Huntly.Domain\Huntly.Domain.csproj", "{BE4774CE-5274-48CC-B9DE-A423FB7F12BD}"
EndProject
Project("{FAE04EC0-301F-11D3-BF4B-00C04F79EFBC}") = "Huntly.Infrastructure", "Huntly.Infrastructure\Huntly.Infrastructure.csproj", "{2E52C528-4EAF-43D8-A35B-F7E57FEAEE7E}"
EndProject
Global
	GlobalSection(SolutionConfigurationPlatforms) = preSolution
		Debug|Any CPU = Debug|Any CPU
		Release|Any CPU = Release|Any CPU
	EndGlobalSection
	GlobalSection(ProjectConfigurationPlatforms) = postSolution
		{BE4774CE-5274-48CC-B9DE-A423FB7F12BD}.Debug|Any CPU.ActiveCfg = Debug|Any CPU
		{BE4774CE-5274-48CC-B9DE-A423FB7F12BD}.Debug|Any CPU.Build.0 = Debug|Any CPU
		{BE4774CE-5274-48CC-B9DE-A423FB7F12BD}.Release|Any CPU.ActiveCfg = Release|Any CPU
		{BE4774CE-5274-48CC-B9DE-A423FB7F12BD}.Release|Any CPU.Build.0 = Release|Any CPU
		{2E52C528-4EAF-43D8-A35B-F7E57FEAEE7E}.Debug|Any CPU.ActiveCfg = Debug|Any CPU
		{2E52C528-4EAF-43D8-A35B-F7E57FEAEE7E}.Debug|Any CPU.Build.0 = Debug|Any CPU
		{2E52C528-4EAF-43D8-A35B-F7E57FEAEE7E}.Release|Any CPU.ActiveCfg = Release|Any CPU
		{2E52C528-4EAF-43D8-A35B-F7E57FEAEE7E}.Release|Any CPU.Build.0 = Release|Any CPU
	EndGlobalSection
	GlobalSection(SolutionProperties) = preSolution
		HideSolutionNode = FALSE
	EndGlobalSection
	GlobalSection(ExtensibilityGlobals) = postSolution
		SolutionGuid = {D9CAA2E5-A196-4F59-9899-951135C53D56}
	EndGlobalSection
EndGlobal
