
Microsoft Visual Studio Solution File, Format Version 12.00
# Visual Studio Version 17
VisualStudioVersion = 17.14.36603.0
MinimumVisualStudioVersion = 10.0.40219.1
Project("{FAE04EC0-301F-11D3-BF4B-00C04F79EFBC}") = "Huntly.Domain", "Huntly.Domain\Huntly.Domain.csproj", "{BE4774CE-5274-48CC-B9DE-A423FB7F12BD}"
EndProject
Project("{FAE04EC0-301F-11D3-BF4B-00C04F79EFBC}") = "Huntly.Infrastructure", "Huntly.Infrastructure\Huntly.Infrastructure.csproj", "{2E52C528-4EAF-43D8-A35B-F7E57FEAEE7E}"
EndProject
Project("{FAE04EC0-301F-11D3-BF4B-00C04F79EFBC}") = "Huntly.Api", "Huntly.Api\Huntly.Api.csproj", "{92802467-287E-46C7-BB6F-8D97D40A81C3}"
EndProject
Project("{FAE04EC0-301F-11D3-BF4B-00C04F79EFBC}") = "Huntly.Application", "Huntly.Application\Huntly.Application.csproj", "{45FB313B-B650-4BE2-894D-5F9A98B4DC2F}"
EndProject
Project("{FAE04EC0-301F-11D3-BF4B-00C04F79EFBC}") = "Huntly.Tests", "Huntly.Tests\Huntly.Tests.csproj", "{AE04BD47-7231-4D3E-B8F8-83A640E31551}"
EndProject
Project("{2150E333-8FDC-42A3-9474-1A3956D46DE8}") = ".github", ".github", "{02EA681E-C7D8-13C7-8484-4AC65E1B71E8}"
EndProject
Project("{2150E333-8FDC-42A3-9474-1A3956D46DE8}") = "wokrflows", "wokrflows", "{513561CE-52D1-43D7-9277-F8EDCB868849}"
	ProjectSection(SolutionItems) = preProject
		ci.yml = ci.yml
	EndProjectSection
EndProject
Global
	GlobalSection(SolutionConfigurationPlatforms) = preSolution
		Debug|Any CPU = Debug|Any CPU
		Release|Any CPU = Release|Any CPU
	EndGlobalSection
	GlobalSection(ProjectConfigurationPlatforms) = postSolution
		{BE4774CE-5274-48CC-B9DE-A423FB7F12BD}.Debug|Any CPU.ActiveCfg = Debug|Any CPU
		{BE4774CE-5274-48CC-B9DE-A423FB7F12BD}.Debug|Any CPU.Build.0 = Debug|Any CPU
		{BE4774CE-5274-48CC-B9DE-A423FB7F12BD}.Release|Any CPU.ActiveCfg = Release|Any CPU
		{BE4774CE-5274-48CC-B9DE-A423FB7F12BD}.Release|Any CPU.Build.0 = Release|Any CPU
		{2E52C528-4EAF-43D8-A35B-F7E57FEAEE7E}.Debug|Any CPU.ActiveCfg = Debug|Any CPU
		{2E52C528-4EAF-43D8-A35B-F7E57FEAEE7E}.Debug|Any CPU.Build.0 = Debug|Any CPU
		{2E52C528-4EAF-43D8-A35B-F7E57FEAEE7E}.Release|Any CPU.ActiveCfg = Release|Any CPU
		{2E52C528-4EAF-43D8-A35B-F7E57FEAEE7E}.Release|Any CPU.Build.0 = Release|Any CPU
		{92802467-287E-46C7-BB6F-8D97D40A81C3}.Debug|Any CPU.ActiveCfg = Debug|Any CPU
		{92802467-287E-46C7-BB6F-8D97D40A81C3}.Debug|Any CPU.Build.0 = Debug|Any CPU
		{92802467-287E-46C7-BB6F-8D97D40A81C3}.Release|Any CPU.ActiveCfg = Release|Any CPU
		{92802467-287E-46C7-BB6F-8D97D40A81C3}.Release|Any CPU.Build.0 = Release|Any CPU
		{45FB313B-B650-4BE2-894D-5F9A98B4DC2F}.Debug|Any CPU.ActiveCfg = Debug|Any CPU
		{45FB313B-B650-4BE2-894D-5F9A98B4DC2F}.Debug|Any CPU.Build.0 = Debug|Any CPU
		{45FB313B-B650-4BE2-894D-5F9A98B4DC2F}.Release|Any CPU.ActiveCfg = Release|Any CPU
		{45FB313B-B650-4BE2-894D-5F9A98B4DC2F}.Release|Any CPU.Build.0 = Release|Any CPU
		{AE04BD47-7231-4D3E-B8F8-83A640E31551}.Debug|Any CPU.ActiveCfg = Debug|Any CPU
		{AE04BD47-7231-4D3E-B8F8-83A640E31551}.Debug|Any CPU.Build.0 = Debug|Any CPU
		{AE04BD47-7231-4D3E-B8F8-83A640E31551}.Release|Any CPU.ActiveCfg = Release|Any CPU
		{AE04BD47-7231-4D3E-B8F8-83A640E31551}.Release|Any CPU.Build.0 = Release|Any CPU
	EndGlobalSection
	GlobalSection(SolutionProperties) = preSolution
		HideSolutionNode = FALSE
	EndGlobalSection
	GlobalSection(NestedProjects) = preSolution
		{513561CE-52D1-43D7-9277-F8EDCB868849} = {02EA681E-C7D8-13C7-8484-4AC65E1B71E8}
	EndGlobalSection
	GlobalSection(ExtensibilityGlobals) = postSolution
		SolutionGuid = {D9CAA2E5-A196-4F59-9899-951135C53D56}
	EndGlobalSection
EndGlobal
